Microsoft Visual Studio Solution File, Format Version 12.00
# Visual Studio 2012
Project("{FAE04EC0-301F-11D3-BF4B-00C04F79EFBC}") = "SuturaApp", "SuturaApp.csproj", "{0B7E070B-DB18-46E3-A654-45DB41E01BE0}"
EndProject
Global
	GlobalSection(SolutionConfigurationPlatforms) = preSolution
	Debug|Any CPU = Debug|Any CPU
	Release|Any CPU = Release|Any CPU
	Tools|Any CPU = Tools|Any CPU
	EndGlobalSection
	GlobalSection(ProjectConfigurationPlatforms) = postSolution
		{0B7E070B-DB18-46E3-A654-45DB41E01BE0}.Debug|Any CPU.ActiveCfg = Debug|Any CPU
		{0B7E070B-DB18-46E3-A654-45DB41E01BE0}.Debug|Any CPU.Build.0 = Debug|Any CPU
		{0B7E070B-DB18-46E3-A654-45DB41E01BE0}.Release|Any CPU.ActiveCfg = Release|Any CPU
		{0B7E070B-DB18-46E3-A654-45DB41E01BE0}.Release|Any CPU.Build.0 = Release|Any CPU
		{0B7E070B-DB18-46E3-A654-45DB41E01BE0}.Tools|Any CPU.ActiveCfg = Tools|Any CPU
		{0B7E070B-DB18-46E3-A654-45DB41E01BE0}.Tools|Any CPU.Build.0 = Tools|Any CPU
	EndGlobalSection
EndGlobal
